
Microsoft Visual Studio Solution File, Format Version 12.00
# Visual Studio Version 17
VisualStudioVersion = 17.13.35919.96
MinimumVisualStudioVersion = 10.0.40219.1
Project("{2150E333-8FDC-42A3-9474-1A3956D46DE8}") = "src", "src", "{02EA681E-C7D8-13C7-8484-4AC65E1B71E8}"
EndProject
Project("{2150E333-8FDC-42A3-9474-1A3956D46DE8}") = "Core", "Core", "{FF8AE426-3979-4CE1-BF4D-280662E5610E}"
EndProject
Project("{2150E333-8FDC-42A3-9474-1A3956D46DE8}") = "Infrastructure", "Infrastructure", "{2DB274CA-C4B2-4616-80EA-C731BA297195}"
EndProject
Project("{2150E333-8FDC-42A3-9474-1A3956D46DE8}") = "Presentation", "Presentation", "{BB52CDD8-04EA-48CE-979E-1F9897A73B44}"
EndProject
Project("{FAE04EC0-301F-11D3-BF4B-00C04F79EFBC}") = "StoockerMT.Application", "StoockerMT.Application\StoockerMT.Application.csproj", "{B8F9E67E-5E9E-4336-A6B2-33736CD5AE65}"
EndProject
Project("{FAE04EC0-301F-11D3-BF4B-00C04F79EFBC}") = "StoockerMT.Domain", "StoockerMT.Domain\StoockerMT.Domain.csproj", "{D290FE28-2B71-4762-97AD-569B4BCC29A7}"
EndProject
Project("{FAE04EC0-301F-11D3-BF4B-00C04F79EFBC}") = "StoockerMT.Infrastructure", "StoockerMT.Infrastructure\StoockerMT.Infrastructure.csproj", "{C3076EBE-5DD7-47FD-B19D-23A5A9B6B441}"
EndProject
Project("{FAE04EC0-301F-11D3-BF4B-00C04F79EFBC}") = "StoockerMT.Persistence", "StoockerMT.Persistence\StoockerMT.Persistence.csproj", "{D5C52341-D928-4C0F-AB22-D3BEEEE6D67E}"
EndProject
Project("{FAE04EC0-301F-11D3-BF4B-00C04F79EFBC}") = "StoockerMT.API", "StoockerMT.API\StoockerMT.API.csproj", "{CA75F18A-06F8-4651-9C7F-9F865A17FDC0}"
EndProject
Project("{2150E333-8FDC-42A3-9474-1A3956D46DE8}") = "docs", "docs", "{D56856FD-6212-4C81-98ED-8C98B19FA2CC}"
EndProject
Project("{2150E333-8FDC-42A3-9474-1A3956D46DE8}") = "tests", "tests", "{2D9193D5-0FCD-47AC-8450-A8E3E44ADF6F}"
EndProject
Project("{2150E333-8FDC-42A3-9474-1A3956D46DE8}") = "Modules", "Modules", "{D7619B3F-DFBA-442A-943D-CF67CFF21966}"
EndProject
Project("{FAE04EC0-301F-11D3-BF4B-00C04F79EFBC}") = "StoockerMT.Identity", "StoockerMT.Identity\StoockerMT.Identity.csproj", "{A2DC44C9-618F-4578-920F-B4796AAB9F4E}"
EndProject
Global
	GlobalSection(SolutionConfigurationPlatforms) = preSolution
		Debug|Any CPU = Debug|Any CPU
		Release|Any CPU = Release|Any CPU
	EndGlobalSection
	GlobalSection(ProjectConfigurationPlatforms) = postSolution
		{B8F9E67E-5E9E-4336-A6B2-33736CD5AE65}.Debug|Any CPU.ActiveCfg = Debug|Any CPU
		{B8F9E67E-5E9E-4336-A6B2-33736CD5AE65}.Debug|Any CPU.Build.0 = Debug|Any CPU
		{B8F9E67E-5E9E-4336-A6B2-33736CD5AE65}.Release|Any CPU.ActiveCfg = Release|Any CPU
		{B8F9E67E-5E9E-4336-A6B2-33736CD5AE65}.Release|Any CPU.Build.0 = Release|Any CPU
		{D290FE28-2B71-4762-97AD-569B4BCC29A7}.Debug|Any CPU.ActiveCfg = Debug|Any CPU
		{D290FE28-2B71-4762-97AD-569B4BCC29A7}.Debug|Any CPU.Build.0 = Debug|Any CPU
		{D290FE28-2B71-4762-97AD-569B4BCC29A7}.Release|Any CPU.ActiveCfg = Release|Any CPU
		{D290FE28-2B71-4762-97AD-569B4BCC29A7}.Release|Any CPU.Build.0 = Release|Any CPU
		{C3076EBE-5DD7-47FD-B19D-23A5A9B6B441}.Debug|Any CPU.ActiveCfg = Debug|Any CPU
		{C3076EBE-5DD7-47FD-B19D-23A5A9B6B441}.Debug|Any CPU.Build.0 = Debug|Any CPU
		{C3076EBE-5DD7-47FD-B19D-23A5A9B6B441}.Release|Any CPU.ActiveCfg = Release|Any CPU
		{C3076EBE-5DD7-47FD-B19D-23A5A9B6B441}.Release|Any CPU.Build.0 = Release|Any CPU
		{D5C52341-D928-4C0F-AB22-D3BEEEE6D67E}.Debug|Any CPU.ActiveCfg = Debug|Any CPU
		{D5C52341-D928-4C0F-AB22-D3BEEEE6D67E}.Debug|Any CPU.Build.0 = Debug|Any CPU
		{D5C52341-D928-4C0F-AB22-D3BEEEE6D67E}.Release|Any CPU.ActiveCfg = Release|Any CPU
		{D5C52341-D928-4C0F-AB22-D3BEEEE6D67E}.Release|Any CPU.Build.0 = Release|Any CPU
		{CA75F18A-06F8-4651-9C7F-9F865A17FDC0}.Debug|Any CPU.ActiveCfg = Debug|Any CPU
		{CA75F18A-06F8-4651-9C7F-9F865A17FDC0}.Debug|Any CPU.Build.0 = Debug|Any CPU
		{CA75F18A-06F8-4651-9C7F-9F865A17FDC0}.Release|Any CPU.ActiveCfg = Release|Any CPU
		{CA75F18A-06F8-4651-9C7F-9F865A17FDC0}.Release|Any CPU.Build.0 = Release|Any CPU
		{A2DC44C9-618F-4578-920F-B4796AAB9F4E}.Debug|Any CPU.ActiveCfg = Debug|Any CPU
		{A2DC44C9-618F-4578-920F-B4796AAB9F4E}.Debug|Any CPU.Build.0 = Debug|Any CPU
		{A2DC44C9-618F-4578-920F-B4796AAB9F4E}.Release|Any CPU.ActiveCfg = Release|Any CPU
		{A2DC44C9-618F-4578-920F-B4796AAB9F4E}.Release|Any CPU.Build.0 = Release|Any CPU
	EndGlobalSection
	GlobalSection(SolutionProperties) = preSolution
		HideSolutionNode = FALSE
	EndGlobalSection
	GlobalSection(NestedProjects) = preSolution
		{FF8AE426-3979-4CE1-BF4D-280662E5610E} = {02EA681E-C7D8-13C7-8484-4AC65E1B71E8}
		{2DB274CA-C4B2-4616-80EA-C731BA297195} = {02EA681E-C7D8-13C7-8484-4AC65E1B71E8}
		{BB52CDD8-04EA-48CE-979E-1F9897A73B44} = {02EA681E-C7D8-13C7-8484-4AC65E1B71E8}
		{B8F9E67E-5E9E-4336-A6B2-33736CD5AE65} = {FF8AE426-3979-4CE1-BF4D-280662E5610E}
		{D290FE28-2B71-4762-97AD-569B4BCC29A7} = {FF8AE426-3979-4CE1-BF4D-280662E5610E}
		{C3076EBE-5DD7-47FD-B19D-23A5A9B6B441} = {2DB274CA-C4B2-4616-80EA-C731BA297195}
		{D5C52341-D928-4C0F-AB22-D3BEEEE6D67E} = {2DB274CA-C4B2-4616-80EA-C731BA297195}
		{CA75F18A-06F8-4651-9C7F-9F865A17FDC0} = {BB52CDD8-04EA-48CE-979E-1F9897A73B44}
		{D7619B3F-DFBA-442A-943D-CF67CFF21966} = {02EA681E-C7D8-13C7-8484-4AC65E1B71E8}
		{A2DC44C9-618F-4578-920F-B4796AAB9F4E} = {2DB274CA-C4B2-4616-80EA-C731BA297195}
	EndGlobalSection
	GlobalSection(ExtensibilityGlobals) = postSolution
		SolutionGuid = {8898E050-B710-4B04-BB52-71B828FAFDC0}
	EndGlobalSection
EndGlobal
